// !$*UTF8*$!
{
	archiveVersion = 1;
	classes = {
	};
	objectVersion = 77;
	objects = {

/* Begin PBXContainerItemProxy section */
		FEB48A552EAE57ED00EF7ED9 /* PBXContainerItemProxy */ = {
			isa = PBXContainerItemProxy;
			containerPortal = FEB48A3D2EAE57EB00EF7ED9 /* Project object */;
			proxyType = 1;
			remoteGlobalIDString = FEB48A442EAE57EB00EF7ED9;
			remoteInfo = PhotoBooth;
		};
		FEB48A5F2EAE57ED00EF7ED9 /* PBXContainerItemProxy */ = {
			isa = PBXContainerItemProxy;
			containerPortal = FEB48A3D2EAE57EB00EF7ED9 /* Project object */;
			proxyType = 1;
			remoteGlobalIDString = FEB48A442EAE57EB00EF7ED9;
			remoteInfo = PhotoBooth;
		};
/* End PBXContainerItemProxy section */

/* Begin PBXFileReference section */
		FEB48A452EAE57EB00EF7ED9 /* PhotoBooth.app */ = {isa = PBXFileReference; explicitFileType = wrapper.application; includeInIndex = 0; path = PhotoBooth.app; sourceTree = BUILT_PRODUCTS_DIR; };
		FEB48A542EAE57ED00EF7ED9 /* PhotoBoothTests.xctest */ = {isa = PBXFileReference; explicitFileType = wrapper.cfbundle; includeInIndex = 0; path = PhotoBoothTests.xctest; sourceTree = BUILT_PRODUCTS_DIR; };
		FEB48A5E2EAE57ED00EF7ED9 /* PhotoBoothUITests.xctest */ = {isa = PBXFileReference; explicitFileType = wrapper.cfbundle; includeInIndex = 0; path = PhotoBoothUITests.xctest; sourceTree = BUILT_PRODUCTS_DIR; };
/* End PBXFileReference section */

/* Begin PBXFileSystemSynchronizedRootGroup section */
		FEB48A472EAE57EB00EF7ED9 /* PhotoBooth */ = {
			isa = PBXFileSystemSynchronizedRootGroup;
			path = PhotoBooth;
			sourceTree = "<group>";
		};
		FEB48A572EAE57ED00EF7ED9 /* PhotoBoothTests */ = {
			isa = PBXFileSystemSynchronizedRootGroup;
			path = PhotoBoothTests;
			sourceTree = "<group>";
		};
		FEB48A612EAE57ED00EF7ED9 /* PhotoBoothUITests */ = {
			isa = PBXFileSystemSynchronizedRootGroup;
			path = PhotoBoothUITests;
			sourceTree = "<group>";
		};
/* End PBXFileSystemSynchronizedRootGroup section */

/* Begin PBXFrameworksBuildPhase section */
		FEB48A422EAE57EB00EF7ED9 /* Frameworks */ = {
			isa = PBXFrameworksBuildPhase;
			buildActionMask = 2147483647;
			files = (
			);
			runOnlyForDeploymentPostprocessing = 0;
		};
		FEB48A512EAE57ED00EF7ED9 /* Frameworks */ = {
			isa = PBXFrameworksBuildPhase;
			buildActionMask = 2147483647;
			files = (
			);
			runOnlyForDeploymentPostprocessing = 0;
		};
		FEB48A5B2EAE57ED00EF7ED9 /* Frameworks */ = {
			isa = PBXFrameworksBuildPhase;
			buildActionMask = 2147483647;
			files = (
			);
			runOnlyForDeploymentPostprocessing = 0;
		};
/* End PBXFrameworksBuildPhase section */

/* Begin PBXGroup section */
		FEB48A3C2EAE57EB00EF7ED9 = {
			isa = PBXGroup;
			children = (
				FEB48A472EAE57EB00EF7ED9 /* PhotoBooth */,
				FEB48A572EAE57ED00EF7ED9 /* PhotoBoothTests */,
				FEB48A612EAE57ED00EF7ED9 /* PhotoBoothUITests */,
				FEB48A462EAE57EB00EF7ED9 /* Products */,
			);
			sourceTree = "<group>";
		};
		FEB48A462EAE57EB00EF7ED9 /* Products */ = {
			isa = PBXGroup;
			children = (
				FEB48A452EAE57EB00EF7ED9 /* PhotoBooth.app */,
				FEB48A542EAE57ED00EF7ED9 /* PhotoBoothTests.xctest */,
				FEB48A5E2EAE57ED00EF7ED9 /* PhotoBoothUITests.xctest */,
			);
			name = Products;
			sourceTree = "<group>";
		};
/* End PBXGroup section */

/* Begin PBXNativeTarget section */
		FEB48A442EAE57EB00EF7ED9 /* PhotoBooth */ = {
			isa = PBXNativeTarget;
			buildConfigurationList = FEB48A682EAE57ED00EF7ED9 /* Build configuration list for PBXNativeTarget "PhotoBooth" */;
			buildPhases = (
				FEB48A412EAE57EB00EF7ED9 /* Sources */,
				FEB48A422EAE57EB00EF7ED9 /* Frameworks */,
				FEB48A432EAE57EB00EF7ED9 /* Resources */,
			);
			buildRules = (
			);
			dependencies = (
			);
			fileSystemSynchronizedGroups = (
				FEB48A472EAE57EB00EF7ED9 /* PhotoBooth */,
			);
			name = PhotoBooth;
			packageProductDependencies = (
			);
			productName = PhotoBooth;
			productReference = FEB48A452EAE57EB00EF7ED9 /* PhotoBooth.app */;
			productType = "com.apple.product-type.application";
		};
		FEB48A532EAE57ED00EF7ED9 /* PhotoBoothTests */ = {
			isa = PBXNativeTarget;
			buildConfigurationList = FEB48A6B2EAE57ED00EF7ED9 /* Build configuration list for PBXNativeTarget "PhotoBoothTests" */;
			buildPhases = (
				FEB48A502EAE57ED00EF7ED9 /* Sources */,
				FEB48A512EAE57ED00EF7ED9 /* Frameworks */,
				FEB48A522EAE57ED00EF7ED9 /* Resources */,
			);
			buildRules = (
			);
			dependencies = (
				FEB48A562EAE57ED00EF7ED9 /* PBXTargetDependency */,
			);
			fileSystemSynchronizedGroups = (
				FEB48A572EAE57ED00EF7ED9 /* PhotoBoothTests */,
			);
			name = PhotoBoothTests;
			packageProductDependencies = (
			);
			productName = PhotoBoothTests;
			productReference = FEB48A542EAE57ED00EF7ED9 /* PhotoBoothTests.xctest */;
			productType = "com.apple.product-type.bundle.unit-test";
		};
		FEB48A5D2EAE57ED00EF7ED9 /* PhotoBoothUITests */ = {
			isa = PBXNativeTarget;
			buildConfigurationList = FEB48A6E2EAE57ED00EF7ED9 /* Build configuration list for PBXNativeTarget "PhotoBoothUITests" */;
			buildPhases = (
				FEB48A5A2EAE57ED00EF7ED9 /* Sources */,
				FEB48A5B2EAE57ED00EF7ED9 /* Frameworks */,
				FEB48A5C2EAE57ED00EF7ED9 /* Resources */,
			);
			buildRules = (
			);
			dependencies = (
				FEB48A602EAE57ED00EF7ED9 /* PBXTargetDependency */,
			);
			fileSystemSynchronizedGroups = (
				FEB48A612EAE57ED00EF7ED9 /* PhotoBoothUITests */,
			);
			name = PhotoBoothUITests;
			packageProductDependencies = (
			);
			productName = PhotoBoothUITests;
			productReference = FEB48A5E2EAE57ED00EF7ED9 /* PhotoBoothUITests.xctest */;
			productType = "com.apple.product-type.bundle.ui-testing";
		};
/* End PBXNativeTarget section */

/* Begin PBXProject section */
		FEB48A3D2EAE57EB00EF7ED9 /* Project object */ = {
			isa = PBXProject;
			attributes = {
				BuildIndependentTargetsInParallel = 1;
				LastSwiftUpdateCheck = 2600;
				LastUpgradeCheck = 2600;
				TargetAttributes = {
					FEB48A442EAE57EB00EF7ED9 = {
						CreatedOnToolsVersion = 26.0.1;
					};
					FEB48A532EAE57ED00EF7ED9 = {
						CreatedOnToolsVersion = 26.0.1;
						TestTargetID = FEB48A442EAE57EB00EF7ED9;
					};
					FEB48A5D2EAE57ED00EF7ED9 = {
						CreatedOnToolsVersion = 26.0.1;
						TestTargetID = FEB48A442EAE57EB00EF7ED9;
					};
				};
			};
			buildConfigurationList = FEB48A402EAE57EB00EF7ED9 /* Build configuration list for PBXProject "PhotoBooth" */;
			developmentRegion = en;
			hasScannedForEncodings = 0;
			knownRegions = (
				en,
				Base,
			);
			mainGroup = FEB48A3C2EAE57EB00EF7ED9;
			minimizedProjectReferenceProxies = 1;
			preferredProjectObjectVersion = 77;
			productRefGroup = FEB48A462EAE57EB00EF7ED9 /* Products */;
			projectDirPath = "";
			projectRoot = "";
			targets = (
				FEB48A442EAE57EB00EF7ED9 /* PhotoBooth */,
				FEB48A532EAE57ED00EF7ED9 /* PhotoBoothTests */,
				FEB48A5D2EAE57ED00EF7ED9 /* PhotoBoothUITests */,
			);
		};
/* End PBXProject section */

/* Begin PBXResourcesBuildPhase section */
		FEB48A432EAE57EB00EF7ED9 /* Resources */ = {
			isa = PBXResourcesBuildPhase;
			buildActionMask = 2147483647;
			files = (
			);
			runOnlyForDeploymentPostprocessing = 0;
		};
		FEB48A522EAE57ED00EF7ED9 /* Resources */ = {
			isa = PBXResourcesBuildPhase;
			buildActionMask = 2147483647;
			files = (
			);
			runOnlyForDeploymentPostprocessing = 0;
		};
		FEB48A5C2EAE57ED00EF7ED9 /* Resources */ = {
			isa = PBXResourcesBuildPhase;
			buildActionMask = 2147483647;
			files = (
			);
			runOnlyForDeploymentPostprocessing = 0;
		};
/* End PBXResourcesBuildPhase section */

/* Begin PBXSourcesBuildPhase section */
		FEB48A412EAE57EB00EF7ED9 /* Sources */ = {
			isa = PBXSourcesBuildPhase;
			buildActionMask = 2147483647;
			files = (
			);
			runOnlyForDeploymentPostprocessing = 0;
		};
		FEB48A502EAE57ED00EF7ED9 /* Sources */ = {
			isa = PBXSourcesBuildPhase;
			buildActionMask = 2147483647;
			files = (
			);
			runOnlyForDeploymentPostprocessing = 0;
		};
		FEB48A5A2EAE57ED00EF7ED9 /* Sources */ = {
			isa = PBXSourcesBuildPhase;
			buildActionMask = 2147483647;
			files = (
			);
			runOnlyForDeploymentPostprocessing = 0;
		};
/* End PBXSourcesBuildPhase section */

/* Begin PBXTargetDependency section */
		FEB48A562EAE57ED00EF7ED9 /* PBXTargetDependency */ = {
			isa = PBXTargetDependency;
			target = FEB48A442EAE57EB00EF7ED9 /* PhotoBooth */;
			targetProxy = FEB48A552EAE57ED00EF7ED9 /* PBXContainerItemProxy */;
		};
		FEB48A602EAE57ED00EF7ED9 /* PBXTargetDependency */ = {
			isa = PBXTargetDependency;
			target = FEB48A442EAE57EB00EF7ED9 /* PhotoBooth */;
			targetProxy = FEB48A5F2EAE57ED00EF7ED9 /* PBXContainerItemProxy */;
		};
/* End PBXTargetDependency section */

/* Begin XCBuildConfiguration section */
		FEB48A662EAE57ED00EF7ED9 /* Debug */ = {
			isa = XCBuildConfiguration;
			buildSettings = {
				ALWAYS_SEARCH_USER_PATHS = NO;
				ASSETCATALOG_COMPILER_GENERATE_SWIFT_ASSET_SYMBOL_EXTENSIONS = YES;
				CLANG_ANALYZER_NONNULL = YES;
				CLANG_ANALYZER_NUMBER_OBJECT_CONVERSION = YES_AGGRESSIVE;
				CLANG_CXX_LANGUAGE_STANDARD = "gnu++20";
				CLANG_ENABLE_MODULES = YES;
				CLANG_ENABLE_OBJC_ARC = YES;
				CLANG_ENABLE_OBJC_WEAK = YES;
				CLANG_WARN_BLOCK_CAPTURE_AUTORELEASING = YES;
				CLANG_WARN_BOOL_CONVERSION = YES;
				CLANG_WARN_COMMA = YES;
				CLANG_WARN_CONSTANT_CONVERSION = YES;
				CLANG_WARN_DEPRECATED_OBJC_IMPLEMENTATIONS = YES;
				CLANG_WARN_DIRECT_OBJC_ISA_USAGE = YES_ERROR;
				CLANG_WARN_DOCUMENTATION_COMMENTS = YES;
				CLANG_WARN_EMPTY_BODY = YES;
				CLANG_WARN_ENUM_CONVERSION = YES;
				CLANG_WARN_INFINITE_RECURSION = YES;
				CLANG_WARN_INT_CONVERSION = YES;
				CLANG_WARN_NON_LITERAL_NULL_CONVERSION = YES;
				CLANG_WARN_OBJC_IMPLICIT_RETAIN_SELF = YES;
				CLANG_WARN_OBJC_LITERAL_CONVERSION = YES;
				CLANG_WARN_OBJC_ROOT_CLASS = YES_ERROR;
				CLANG_WARN_QUOTED_INCLUDE_IN_FRAMEWORK_HEADER = YES;
				CLANG_WARN_RANGE_LOOP_ANALYSIS = YES;
				CLANG_WARN_STRICT_PROTOTYPES = YES;
				CLANG_WARN_SUSPICIOUS_MOVE = YES;
				CLANG_WARN_UNGUARDED_AVAILABILITY = YES_AGGRESSIVE;
				CLANG_WARN_UNREACHABLE_CODE = YES;
				CLANG_WARN__DUPLICATE_METHOD_MATCH = YES;
				COPY_PHASE_STRIP = NO;
				DEBUG_INFORMATION_FORMAT = dwarf;
				ENABLE_STRICT_OBJC_MSGSEND = YES;
				ENABLE_TESTABILITY = YES;
				ENABLE_USER_SCRIPT_SANDBOXING = YES;
				GCC_C_LANGUAGE_STANDARD = gnu17;
				GCC_DYNAMIC_NO_PIC = NO;
				GCC_NO_COMMON_BLOCKS = YES;
				GCC_OPTIMIZATION_LEVEL = 0;
				GCC_PREPROCESSOR_DEFINITIONS = (
					"DEBUG=1",
					"$(inherited)",
				);
				GCC_WARN_64_TO_32_BIT_CONVERSION = YES;
				GCC_WARN_ABOUT_RETURN_TYPE = YES_ERROR;
				GCC_WARN_UNDECLARED_SELECTOR = YES;
				GCC_WARN_UNINITIALIZED_AUTOS = YES_AGGRESSIVE;
				GCC_WARN_UNUSED_FUNCTION = YES;
				GCC_WARN_UNUSED_VARIABLE = YES;
				LOCALIZATION_PREFERS_STRING_CATALOGS = YES;
				MACOSX_DEPLOYMENT_TARGET = 26.0;
				MTL_ENABLE_DEBUG_INFO = INCLUDE_SOURCE;
				MTL_FAST_MATH = YES;
				ONLY_ACTIVE_ARCH = YES;
				SDKROOT = macosx;
				SWIFT_ACTIVE_COMPILATION_CONDITIONS = "DEBUG $(inherited)";
				SWIFT_OPTIMIZATION_LEVEL = "-Onone";
			};
			name = Debug;
		};
		FEB48A672EAE57ED00EF7ED9 /* Release */ = {
			isa = XCBuildConfiguration;
			buildSettings = {
				ALWAYS_SEARCH_USER_PATHS = NO;
				ASSETCATALOG_COMPILER_GENERATE_SWIFT_ASSET_SYMBOL_EXTENSIONS = YES;
				CLANG_ANALYZER_NONNULL = YES;
				CLANG_ANALYZER_NUMBER_OBJECT_CONVERSION = YES_AGGRESSIVE;
				CLANG_CXX_LANGUAGE_STANDARD = "gnu++20";
				CLANG_ENABLE_MODULES = YES;
				CLANG_ENABLE_OBJC_ARC = YES;
				CLANG_ENABLE_OBJC_WEAK = YES;
				CLANG_WARN_BLOCK_CAPTURE_AUTORELEASING = YES;
				CLANG_WARN_BOOL_CONVERSION = YES;
				CLANG_WARN_COMMA = YES;
				CLANG_WARN_CONSTANT_CONVERSION = YES;
				CLANG_WARN_DEPRECATED_OBJC_IMPLEMENTATIONS = YES;
				CLANG_WARN_DIRECT_OBJC_ISA_USAGE = YES_ERROR;
				CLANG_WARN_DOCUMENTATION_COMMENTS = YES;
				CLANG_WARN_EMPTY_BODY = YES;
				CLANG_WARN_ENUM_CONVERSION = YES;
				CLANG_WARN_INFINITE_RECURSION = YES;
				CLANG_WARN_INT_CONVERSION = YES;
				CLANG_WARN_NON_LITERAL_NULL_CONVERSION = YES;
				CLANG_WARN_OBJC_IMPLICIT_RETAIN_SELF = YES;
				CLANG_WARN_OBJC_LITERAL_CONVERSION = YES;
				CLANG_WARN_OBJC_ROOT_CLASS = YES_ERROR;
				CLANG_WARN_QUOTED_INCLUDE_IN_FRAMEWORK_HEADER = YES;
				CLANG_WARN_RANGE_LOOP_ANALYSIS = YES;
				CLANG_WARN_STRICT_PROTOTYPES = YES;
				CLANG_WARN_SUSPICIOUS_MOVE = YES;
				CLANG_WARN_UNGUARDED_AVAILABILITY = YES_AGGRESSIVE;
				CLANG_WARN_UNREACHABLE_CODE = YES;
				CLANG_WARN__DUPLICATE_METHOD_MATCH = YES;
				COPY_PHASE_STRIP = NO;
				DEBUG_INFORMATION_FORMAT = "dwarf-with-dsym";
				ENABLE_NS_ASSERTIONS = NO;
				ENABLE_STRICT_OBJC_MSGSEND = YES;
				ENABLE_USER_SCRIPT_SANDBOXING = YES;
				GCC_C_LANGUAGE_STANDARD = gnu17;
				GCC_NO_COMMON_BLOCKS = YES;
				GCC_WARN_64_TO_32_BIT_CONVERSION = YES;
				GCC_WARN_ABOUT_RETURN_TYPE = YES_ERROR;
				GCC_WARN_UNDECLARED_SELECTOR = YES;
				GCC_WARN_UNINITIALIZED_AUTOS = YES_AGGRESSIVE;
				GCC_WARN_UNUSED_FUNCTION = YES;
				GCC_WARN_UNUSED_VARIABLE = YES;
				LOCALIZATION_PREFERS_STRING_CATALOGS = YES;
				MACOSX_DEPLOYMENT_TARGET = 26.0;
				MTL_ENABLE_DEBUG_INFO = NO;
				MTL_FAST_MATH = YES;
				SDKROOT = macosx;
				SWIFT_COMPILATION_MODE = wholemodule;
			};
			name = Release;
		};
		FEB48A692EAE57ED00EF7ED9 /* Debug */ = {
			isa = XCBuildConfiguration;
			buildSettings = {
				ASSETCATALOG_COMPILER_APPICON_NAME = AppIcon;
				ASSETCATALOG_COMPILER_GLOBAL_ACCENT_COLOR_NAME = AccentColor;
				CODE_SIGN_STYLE = Automatic;
				COMBINE_HIDPI_IMAGES = YES;
				CURRENT_PROJECT_VERSION = 1;
				ENABLE_APP_SANDBOX = YES;
				ENABLE_PREVIEWS = YES;
				ENABLE_USER_SELECTED_FILES = readonly;
				GENERATE_INFOPLIST_FILE = YES;
				INFOPLIST_KEY_NSHumanReadableCopyright = "";
				LD_RUNPATH_SEARCH_PATHS = (
					"$(inherited)",
					"@executable_path/../Frameworks",
				);
				MARKETING_VERSION = 1.0;
				PRODUCT_BUNDLE_IDENTIFIER = PhotoBoothAppKokul.PhotoBooth;
				PRODUCT_NAME = "$(TARGET_NAME)";
				REGISTER_APP_GROUPS = YES;
				STRING_CATALOG_GENERATE_SYMBOLS = YES;
				SWIFT_APPROACHABLE_CONCURRENCY = YES;
				SWIFT_DEFAULT_ACTOR_ISOLATION = MainActor;
				SWIFT_EMIT_LOC_STRINGS = YES;
				SWIFT_UPCOMING_FEATURE_MEMBER_IMPORT_VISIBILITY = YES;
				SWIFT_VERSION = 5.0;
			};
			name = Debug;
		};
		FEB48A6A2EAE57ED00EF7ED9 /* Release */ = {
			isa = XCBuildConfiguration;
			buildSettings = {
				ASSETCATALOG_COMPILER_APPICON_NAME = AppIcon;
				ASSETCATALOG_COMPILER_GLOBAL_ACCENT_COLOR_NAME = AccentColor;
				CODE_SIGN_STYLE = Automatic;
				COMBINE_HIDPI_IMAGES = YES;
				CURRENT_PROJECT_VERSION = 1;
				ENABLE_APP_SANDBOX = YES;
				ENABLE_PREVIEWS = YES;
				ENABLE_USER_SELECTED_FILES = readonly;
				GENERATE_INFOPLIST_FILE = YES;
				INFOPLIST_KEY_NSHumanReadableCopyright = "";
				LD_RUNPATH_SEARCH_PATHS = (
					"$(inherited)",
					"@executable_path/../Frameworks",
				);
				MARKETING_VERSION = 1.0;
				PRODUCT_BUNDLE_IDENTIFIER = PhotoBoothAppKokul.PhotoBooth;
				PRODUCT_NAME = "$(TARGET_NAME)";
				REGISTER_APP_GROUPS = YES;
				STRING_CATALOG_GENERATE_SYMBOLS = YES;
				SWIFT_APPROACHABLE_CONCURRENCY = YES;
				SWIFT_DEFAULT_ACTOR_ISOLATION = MainActor;
				SWIFT_EMIT_LOC_STRINGS = YES;
				SWIFT_UPCOMING_FEATURE_MEMBER_IMPORT_VISIBILITY = YES;
				SWIFT_VERSION = 5.0;
			};
			name = Release;
		};
		FEB48A6C2EAE57ED00EF7ED9 /* Debug */ = {
			isa = XCBuildConfiguration;
			buildSettings = {
				BUNDLE_LOADER = "$(TEST_HOST)";
				CODE_SIGN_STYLE = Automatic;
				CURRENT_PROJECT_VERSION = 1;
				GENERATE_INFOPLIST_FILE = YES;
				MACOSX_DEPLOYMENT_TARGET = 26.0;
				MARKETING_VERSION = 1.0;
				PRODUCT_BUNDLE_IDENTIFIER = PhotoBoothAppKokul.PhotoBoothTests;
				PRODUCT_NAME = "$(TARGET_NAME)";
				STRING_CATALOG_GENERATE_SYMBOLS = NO;
				SWIFT_APPROACHABLE_CONCURRENCY = YES;
				SWIFT_EMIT_LOC_STRINGS = NO;
				SWIFT_UPCOMING_FEATURE_MEMBER_IMPORT_VISIBILITY = YES;
				SWIFT_VERSION = 5.0;
				TEST_HOST = "$(BUILT_PRODUCTS_DIR)/PhotoBooth.app/$(BUNDLE_EXECUTABLE_FOLDER_PATH)/PhotoBooth";
			};
			name = Debug;
		};
		FEB48A6D2EAE57ED00EF7ED9 /* Release */ = {
			isa = XCBuildConfiguration;
			buildSettings = {
				BUNDLE_LOADER = "$(TEST_HOST)";
				CODE_SIGN_STYLE = Automatic;
				CURRENT_PROJECT_VERSION = 1;
				GENERATE_INFOPLIST_FILE = YES;
				MACOSX_DEPLOYMENT_TARGET = 26.0;
				MARKETING_VERSION = 1.0;
				PRODUCT_BUNDLE_IDENTIFIER = PhotoBoothAppKokul.PhotoBoothTests;
				PRODUCT_NAME = "$(TARGET_NAME)";
				STRING_CATALOG_GENERATE_SYMBOLS = NO;
				SWIFT_APPROACHABLE_CONCURRENCY = YES;
				SWIFT_EMIT_LOC_STRINGS = NO;
				SWIFT_UPCOMING_FEATURE_MEMBER_IMPORT_VISIBILITY = YES;
				SWIFT_VERSION = 5.0;
				TEST_HOST = "$(BUILT_PRODUCTS_DIR)/PhotoBooth.app/$(BUNDLE_EXECUTABLE_FOLDER_PATH)/PhotoBooth";
			};
			name = Release;
		};
		FEB48A6F2EAE57ED00EF7ED9 /* Debug */ = {
			isa = XCBuildConfiguration;
			buildSettings = {
				CODE_SIGN_STYLE = Automatic;
				CURRENT_PROJECT_VERSION = 1;
				GENERATE_INFOPLIST_FILE = YES;
				MARKETING_VERSION = 1.0;
				PRODUCT_BUNDLE_IDENTIFIER = PhotoBoothAppKokul.PhotoBoothUITests;
				PRODUCT_NAME = "$(TARGET_NAME)";
				STRING_CATALOG_GENERATE_SYMBOLS = NO;
				SWIFT_APPROACHABLE_CONCURRENCY = YES;
				SWIFT_EMIT_LOC_STRINGS = NO;
				SWIFT_UPCOMING_FEATURE_MEMBER_IMPORT_VISIBILITY = YES;
				SWIFT_VERSION = 5.0;
				TEST_TARGET_NAME = PhotoBooth;
			};
			name = Debug;
		};
		FEB48A702EAE57ED00EF7ED9 /* Release */ = {
			isa = XCBuildConfiguration;
			buildSettings = {
				CODE_SIGN_STYLE = Automatic;
				CURRENT_PROJECT_VERSION = 1;
				GENERATE_INFOPLIST_FILE = YES;
				MARKETING_VERSION = 1.0;
				PRODUCT_BUNDLE_IDENTIFIER = PhotoBoothAppKokul.PhotoBoothUITests;
				PRODUCT_NAME = "$(TARGET_NAME)";
				STRING_CATALOG_GENERATE_SYMBOLS = NO;
				SWIFT_APPROACHABLE_CONCURRENCY = YES;
				SWIFT_EMIT_LOC_STRINGS = NO;
				SWIFT_UPCOMING_FEATURE_MEMBER_IMPORT_VISIBILITY = YES;
				SWIFT_VERSION = 5.0;
				TEST_TARGET_NAME = PhotoBooth;
			};
			name = Release;
		};
/* End XCBuildConfiguration section */

/* Begin XCConfigurationList section */
		FEB48A402EAE57EB00EF7ED9 /* Build configuration list for PBXProject "PhotoBooth" */ = {
			isa = XCConfigurationList;
			buildConfigurations = (
				FEB48A662EAE57ED00EF7ED9 /* Debug */,
				FEB48A672EAE57ED00EF7ED9 /* Release */,
			);
			defaultConfigurationIsVisible = 0;
			defaultConfigurationName = Release;
		};
		FEB48A682EAE57ED00EF7ED9 /* Build configuration list for PBXNativeTarget "PhotoBooth" */ = {
			isa = XCConfigurationList;
			buildConfigurations = (
				FEB48A692EAE57ED00EF7ED9 /* Debug */,
				FEB48A6A2EAE57ED00EF7ED9 /* Release */,
			);
			defaultConfigurationIsVisible = 0;
			defaultConfigurationName = Release;
		};
		FEB48A6B2EAE57ED00EF7ED9 /* Build configuration list for PBXNativeTarget "PhotoBoothTests" */ = {
			isa = XCConfigurationList;
			buildConfigurations = (
				FEB48A6C2EAE57ED00EF7ED9 /* Debug */,
				FEB48A6D2EAE57ED00EF7ED9 /* Release */,
			);
			defaultConfigurationIsVisible = 0;
			defaultConfigurationName = Release;
		};
		FEB48A6E2EAE57ED00EF7ED9 /* Build configuration list for PBXNativeTarget "PhotoBoothUITests" */ = {
			isa = XCConfigurationList;
			buildConfigurations = (
				FEB48A6F2EAE57ED00EF7ED9 /* Debug */,
				FEB48A702EAE57ED00EF7ED9 /* Release */,
			);
			defaultConfigurationIsVisible = 0;
			defaultConfigurationName = Release;
		};
/* End XCConfigurationList section */
	};
	rootObject = FEB48A3D2EAE57EB00EF7ED9 /* Project object */;
}
